
Microsoft Visual Studio Solution File, Format Version 12.00
# Visual Studio Version 17
VisualStudioVersion = 17.5.002.0
MinimumVisualStudioVersion = 10.0.40219.1
Project("{9A19103F-16F7-4668-BE54-9A1E7A4F7556}") = "ByteBankIO", "ByteBankIO.csproj", "{D9E106F5-D1CE-4032-AC91-093022893AC4}"
EndProject
Global
	GlobalSection(SolutionConfigurationPlatforms) = preSolution
		Debug|Any CPU = Debug|Any CPU
		Release|Any CPU = Release|Any CPU
	EndGlobalSection
	GlobalSection(ProjectConfigurationPlatforms) = postSolution
		{D9E106F5-D1CE-4032-AC91-093022893AC4}.Debug|Any CPU.ActiveCfg = Debug|Any CPU
		{D9E106F5-D1CE-4032-AC91-093022893AC4}.Debug|Any CPU.Build.0 = Debug|Any CPU
		{D9E106F5-D1CE-4032-AC91-093022893AC4}.Release|Any CPU.ActiveCfg = Release|Any CPU
		{D9E106F5-D1CE-4032-AC91-093022893AC4}.Release|Any CPU.Build.0 = Release|Any CPU
	EndGlobalSection
	GlobalSection(SolutionProperties) = preSolution
		HideSolutionNode = FALSE
	EndGlobalSection
	GlobalSection(ExtensibilityGlobals) = postSolution
		SolutionGuid = {8D1E0A9A-3996-4317-A7C2-5F9F7F1678DF}
	EndGlobalSection
EndGlobal
